
Microsoft Visual Studio Solution File, Format Version 12.00
# Visual Studio Version 16
VisualStudioVersion = 16.0.31005.135
MinimumVisualStudioVersion = 10.0.40219.1
Project("{FAE04EC0-301F-11D3-BF4B-00C04F79EFBC}") = "NoteAppUI", "NoteAppUI\NoteAppUI.csproj", "{83179FC5-A839-4A99-A4B4-E5640851320A}"
EndProject
Project("{FAE04EC0-301F-11D3-BF4B-00C04F79EFBC}") = "NoteApp", "NoteApp\NoteApp.csproj", "{FADB5F65-5112-46CB-8D88-3263357A9595}"
EndProject
Project("{FAE04EC0-301F-11D3-BF4B-00C04F79EFBC}") = "NoteApp.UnitTests", "NoteApp.UnitTests\NoteApp.UnitTests.csproj", "{06292A52-647D-4D66-87D5-EA90A79E97BF}"
EndProject
Global
	GlobalSection(SolutionConfigurationPlatforms) = preSolution
		Debug|Any CPU = Debug|Any CPU
		Release|Any CPU = Release|Any CPU
	EndGlobalSection
	GlobalSection(ProjectConfigurationPlatforms) = postSolution
		{83179FC5-A839-4A99-A4B4-E5640851320A}.Debug|Any CPU.ActiveCfg = Debug|Any CPU
		{83179FC5-A839-4A99-A4B4-E5640851320A}.Debug|Any CPU.Build.0 = Debug|Any CPU
		{83179FC5-A839-4A99-A4B4-E5640851320A}.Release|Any CPU.ActiveCfg = Release|Any CPU
		{83179FC5-A839-4A99-A4B4-E5640851320A}.Release|Any CPU.Build.0 = Release|Any CPU
		{FADB5F65-5112-46CB-8D88-3263357A9595}.Debug|Any CPU.ActiveCfg = Debug|Any CPU
		{FADB5F65-5112-46CB-8D88-3263357A9595}.Debug|Any CPU.Build.0 = Debug|Any CPU
		{FADB5F65-5112-46CB-8D88-3263357A9595}.Release|Any CPU.ActiveCfg = Release|Any CPU
		{FADB5F65-5112-46CB-8D88-3263357A9595}.Release|Any CPU.Build.0 = Release|Any CPU
		{06292A52-647D-4D66-87D5-EA90A79E97BF}.Debug|Any CPU.ActiveCfg = Debug|Any CPU
		{06292A52-647D-4D66-87D5-EA90A79E97BF}.Debug|Any CPU.Build.0 = Debug|Any CPU
		{06292A52-647D-4D66-87D5-EA90A79E97BF}.Release|Any CPU.ActiveCfg = Release|Any CPU
		{06292A52-647D-4D66-87D5-EA90A79E97BF}.Release|Any CPU.Build.0 = Release|Any CPU
	EndGlobalSection
	GlobalSection(SolutionProperties) = preSolution
		HideSolutionNode = FALSE
	EndGlobalSection
	GlobalSection(ExtensibilityGlobals) = postSolution
		SolutionGuid = {8E10F805-76D6-498E-8A02-8ECEEE2A9188}
	EndGlobalSection
EndGlobal
